{
  "name": "rdl",
  "version": "0.0.1",
  "lockfileVersion": 2,
  "requires": true,
  "packages": {
    "": {
      "name": "rdl",
      "version": "0.0.1",
      "license": "MIT",
      "dependencies": {
        "@discordjs/builders": "file:./.reejs/deps/@discordjs/builders",
        "@discordjs/rest": "file:./.reejs/deps/@discordjs/rest",
        "@hono/node-server": "file:./.reejs/deps/@hono/node-server",
        "@hono/serve-static": "file:./.reejs/deps/@hono/serve-static",
        "@reejs/imports": "^2.0.8",
        "@reejs/react": "0.9.0",
        "@reejs/server": "^0.9.0",
        "@remix-run/web-fetch": "file:./.reejs/deps/@remix-run/web-fetch",
        "@twind/core": "file:./.reejs/deps/@twind/core",
        "@twind/preset-autoprefix": "file:./.reejs/deps/@twind/preset-autoprefix",
        "@twind/preset-tailwind": "file:./.reejs/deps/@twind/preset-tailwind",
        "@twind/with-react": "file:./.reejs/deps/@twind/with-react",
        "debug": "file:./.reejs/deps/debug",
        "discord-interactions": "file:./.reejs/deps/discord-interactions",
        "discord-oauth2": "file:./.reejs/deps/discord-oauth2",
        "dotenv": "file:./.reejs/deps/dotenv",
        "hono": "file:./.reejs/deps/hono",
        "react": "file:./.reejs/deps/react",
        "reejs": "^0.9.0",
        "render": "file:./.reejs/deps/render",
        "surrealdb.js": "file:./.reejs/deps/surrealdb.js",
        "tweetnacl": "file:./.reejs/deps/tweetnacl"
      }
    },
    ".reejs/deps/@discordjs/builders": {
      "version": "1.0.0"
    },
    ".reejs/deps/@discordjs/rest": {
      "version": "1.0.0"
    },
    ".reejs/deps/@hono/node-server": {
      "version": "1.0.0"
    },
    ".reejs/deps/@hono/serve-static": {
      "version": "1.0.0"
    },
    ".reejs/deps/@remix-run/web-fetch": {
      "version": "1.0.0"
    },
    ".reejs/deps/@twind/core": {
      "version": "1.0.0"
    },
    ".reejs/deps/@twind/preset-autoprefix": {
      "version": "1.0.0"
    },
    ".reejs/deps/@twind/preset-tailwind": {
      "version": "1.0.0"
    },
    ".reejs/deps/@twind/with-react": {
      "version": "1.0.0"
    },
    ".reejs/deps/debug": {
      "version": "1.0.0"
    },
    ".reejs/deps/discord-interactions": {
      "version": "1.0.0"
    },
    ".reejs/deps/discord-oauth2": {
      "version": "1.0.0"
    },
    ".reejs/deps/dotenv": {
      "version": "1.0.0"
    },
    ".reejs/deps/hono": {
      "version": "1.0.0"
    },
    ".reejs/deps/react": {
      "version": "1.0.0"
    },
    ".reejs/deps/render": {
      "version": "1.0.0"
    },
    ".reejs/deps/surrealdb.js": {
      "version": "1.0.0"
    },
    ".reejs/deps/tweetnacl": {
      "version": "1.0.0"
    },
    "node_modules/@discordjs/builders": {
      "resolved": ".reejs/deps/@discordjs/builders",
      "link": true
    },
    "node_modules/@discordjs/rest": {
      "resolved": ".reejs/deps/@discordjs/rest",
      "link": true
    },
    "node_modules/@hono/node-server": {
      "resolved": ".reejs/deps/@hono/node-server",
      "link": true
    },
    "node_modules/@hono/serve-static": {
      "resolved": ".reejs/deps/@hono/serve-static",
      "link": true
    },
    "node_modules/@reejs/imports": {
      "version": "2.0.8",
      "resolved": "https://registry.npmjs.org/@reejs/imports/-/imports-2.0.8.tgz",
      "integrity": "sha512-N1S45yWlABju3RJ3g85lFlMm0b2xOC2zbWdhK3ER/gRGGv3VInEsDgXoHTr/y5OKhIO6A0cXoseOzYv6CEFXmw=="
    },
    "node_modules/@reejs/react": {
      "version": "0.9.0",
      "resolved": "https://registry.npmjs.org/@reejs/react/-/react-0.9.0.tgz",
      "integrity": "sha512-vuUzLr4kk38+Erxt7C6o0Btu9EcNcJtcWTid1EBjv3y9B1Y1m2JG+3LiEvvLGYm+VdQ68viZDUl5/oNuD6+lwA=="
    },
    "node_modules/@reejs/server": {
      "version": "0.9.0",
      "resolved": "https://registry.npmjs.org/@reejs/server/-/server-0.9.0.tgz",
      "integrity": "sha512-Z240S6m5dKJ8ir3HznXBwhC/9Z1fQVbH5Sjuea0xZERqt1p+iXX9Dz9nwJj98XHdV8zY+2eePQ4nwOofMsjsww=="
    },
    "node_modules/@remix-run/web-fetch": {
      "resolved": ".reejs/deps/@remix-run/web-fetch",
      "link": true
    },
    "node_modules/@twind/core": {
      "resolved": ".reejs/deps/@twind/core",
      "link": true
    },
    "node_modules/@twind/preset-autoprefix": {
      "resolved": ".reejs/deps/@twind/preset-autoprefix",
      "link": true
    },
    "node_modules/@twind/preset-tailwind": {
      "resolved": ".reejs/deps/@twind/preset-tailwind",
      "link": true
    },
    "node_modules/@twind/with-react": {
      "resolved": ".reejs/deps/@twind/with-react",
      "link": true
    },
    "node_modules/debug": {
      "resolved": ".reejs/deps/debug",
      "link": true
    },
    "node_modules/discord-interactions": {
      "resolved": ".reejs/deps/discord-interactions",
      "link": true
    },
    "node_modules/discord-oauth2": {
      "resolved": ".reejs/deps/discord-oauth2",
      "link": true
    },
    "node_modules/dotenv": {
      "resolved": ".reejs/deps/dotenv",
      "link": true
    },
    "node_modules/hono": {
      "resolved": ".reejs/deps/hono",
      "link": true
    },
    "node_modules/react": {
      "resolved": ".reejs/deps/react",
      "link": true
    },
    "node_modules/reejs": {
      "version": "0.9.0",
      "resolved": "https://registry.npmjs.org/reejs/-/reejs-0.9.0.tgz",
      "integrity": "sha512-ZGgx5cA3BJBWji0ywyJESAF6mMQZ89wPmC680wVfahv3yp4gvPA0uyMsLkYPDDpbucLbd4y1xhHkb6FPvOlsGg==",
      "bin": {
        "reejs": "src/cli/index.js"
      }
    },
    "node_modules/render": {
      "resolved": ".reejs/deps/render",
      "link": true
    },
    "node_modules/surrealdb.js": {
      "resolved": ".reejs/deps/surrealdb.js",
      "link": true
    },
    "node_modules/tweetnacl": {
      "resolved": ".reejs/deps/tweetnacl",
      "link": true
    }
  },
  "dependencies": {
    "@discordjs/builders": {
      "version": "file:.reejs/deps/@discordjs/builders"
    },
    "@discordjs/rest": {
      "version": "file:.reejs/deps/@discordjs/rest"
    },
    "@hono/node-server": {
      "version": "file:.reejs/deps/@hono/node-server"
    },
    "@hono/serve-static": {
      "version": "file:.reejs/deps/@hono/serve-static"
    },
    "@reejs/imports": {
      "version": "2.0.8",
      "resolved": "https://registry.npmjs.org/@reejs/imports/-/imports-2.0.8.tgz",
      "integrity": "sha512-N1S45yWlABju3RJ3g85lFlMm0b2xOC2zbWdhK3ER/gRGGv3VInEsDgXoHTr/y5OKhIO6A0cXoseOzYv6CEFXmw=="
    },
    "@reejs/react": {
      "version": "0.9.0",
      "resolved": "https://registry.npmjs.org/@reejs/react/-/react-0.9.0.tgz",
      "integrity": "sha512-vuUzLr4kk38+Erxt7C6o0Btu9EcNcJtcWTid1EBjv3y9B1Y1m2JG+3LiEvvLGYm+VdQ68viZDUl5/oNuD6+lwA=="
    },
    "@reejs/server": {
      "version": "0.9.0",
      "resolved": "https://registry.npmjs.org/@reejs/server/-/server-0.9.0.tgz",
      "integrity": "sha512-Z240S6m5dKJ8ir3HznXBwhC/9Z1fQVbH5Sjuea0xZERqt1p+iXX9Dz9nwJj98XHdV8zY+2eePQ4nwOofMsjsww=="
    },
    "@remix-run/web-fetch": {
      "version": "file:.reejs/deps/@remix-run/web-fetch"
    },
    "@twind/core": {
      "version": "file:.reejs/deps/@twind/core"
    },
    "@twind/preset-autoprefix": {
      "version": "file:.reejs/deps/@twind/preset-autoprefix"
    },
    "@twind/preset-tailwind": {
      "version": "file:.reejs/deps/@twind/preset-tailwind"
    },
    "@twind/with-react": {
      "version": "file:.reejs/deps/@twind/with-react"
    },
    "debug": {
      "version": "file:.reejs/deps/debug"
    },
    "discord-interactions": {
      "version": "file:.reejs/deps/discord-interactions"
    },
    "discord-oauth2": {
      "version": "file:.reejs/deps/discord-oauth2"
    },
    "dotenv": {
      "version": "file:.reejs/deps/dotenv"
    },
    "hono": {
      "version": "file:.reejs/deps/hono"
    },
    "react": {
      "version": "file:.reejs/deps/react"
    },
    "reejs": {
      "version": "0.9.0",
      "resolved": "https://registry.npmjs.org/reejs/-/reejs-0.9.0.tgz",
      "integrity": "sha512-ZGgx5cA3BJBWji0ywyJESAF6mMQZ89wPmC680wVfahv3yp4gvPA0uyMsLkYPDDpbucLbd4y1xhHkb6FPvOlsGg=="
    },
    "render": {
      "version": "file:.reejs/deps/render"
    },
    "surrealdb.js": {
      "version": "file:.reejs/deps/surrealdb.js"
    },
    "tweetnacl": {
      "version": "file:.reejs/deps/tweetnacl"
    }
  }
}
