{
  "name": "rdl",
  "version": "0.0.1",
  "lockfileVersion": 2,
  "requires": true,
  "packages": {
    "": {
      "name": "rdl",
      "version": "0.0.1",
      "license": "MIT",
      "dependencies": {
        "@reejs/imports": "^2.0.8",
        "@reejs/react": "0.9.0",
        "@reejs/server": "^0.9.0",
        "reejs": "^0.9.0"
      }
    },
    ".reejs/deps/@discordjs/builders": {
      "version": "1.0.0",
      "extraneous": true
    },
    ".reejs/deps/@discordjs/rest": {
      "version": "1.0.0",
      "extraneous": true
    },
    ".reejs/deps/@hono/node-server": {
      "version": "1.0.0",
      "extraneous": true
    },
    ".reejs/deps/@hono/serve-static": {
      "version": "1.0.0",
      "extraneous": true
    },
    ".reejs/deps/@remix-run/web-fetch": {
      "version": "1.0.0",
      "extraneous": true
    },
    ".reejs/deps/@twind/core": {
      "version": "1.0.0",
      "extraneous": true
    },
    ".reejs/deps/@twind/preset-autoprefix": {
      "version": "1.0.0",
      "extraneous": true
    },
    ".reejs/deps/@twind/preset-tailwind": {
      "version": "1.0.0",
      "extraneous": true
    },
    ".reejs/deps/@twind/with-react": {
      "version": "1.0.0",
      "extraneous": true
    },
    ".reejs/deps/debug": {
      "version": "1.0.0",
      "extraneous": true
    },
    ".reejs/deps/discord-interactions": {
      "version": "1.0.0",
      "extraneous": true
    },
    ".reejs/deps/discord-oauth2": {
      "version": "1.0.0",
      "extraneous": true
    },
    ".reejs/deps/dotenv": {
      "version": "1.0.0",
      "extraneous": true
    },
    ".reejs/deps/hono": {
      "version": "1.0.0",
      "extraneous": true
    },
    ".reejs/deps/react": {
      "version": "1.0.0",
      "extraneous": true
    },
    ".reejs/deps/render": {
      "version": "1.0.0",
      "extraneous": true
    },
    ".reejs/deps/surrealdb.js": {
      "version": "1.0.0",
      "extraneous": true
    },
    ".reejs/deps/tweetnacl": {
      "version": "1.0.0",
      "extraneous": true
    },
    "node_modules/@reejs/imports": {
      "version": "2.0.8",
      "resolved": "https://registry.npmjs.org/@reejs/imports/-/imports-2.0.8.tgz",
      "integrity": "sha512-N1S45yWlABju3RJ3g85lFlMm0b2xOC2zbWdhK3ER/gRGGv3VInEsDgXoHTr/y5OKhIO6A0cXoseOzYv6CEFXmw=="
    },
    "node_modules/@reejs/react": {
      "version": "0.9.0",
      "resolved": "https://registry.npmjs.org/@reejs/react/-/react-0.9.0.tgz",
      "integrity": "sha512-vuUzLr4kk38+Erxt7C6o0Btu9EcNcJtcWTid1EBjv3y9B1Y1m2JG+3LiEvvLGYm+VdQ68viZDUl5/oNuD6+lwA=="
    },
    "node_modules/@reejs/server": {
      "version": "0.9.0",
      "resolved": "https://registry.npmjs.org/@reejs/server/-/server-0.9.0.tgz",
      "integrity": "sha512-Z240S6m5dKJ8ir3HznXBwhC/9Z1fQVbH5Sjuea0xZERqt1p+iXX9Dz9nwJj98XHdV8zY+2eePQ4nwOofMsjsww=="
    },
    "node_modules/reejs": {
      "version": "0.9.0",
      "resolved": "https://registry.npmjs.org/reejs/-/reejs-0.9.0.tgz",
      "integrity": "sha512-ZGgx5cA3BJBWji0ywyJESAF6mMQZ89wPmC680wVfahv3yp4gvPA0uyMsLkYPDDpbucLbd4y1xhHkb6FPvOlsGg==",
      "bin": {
        "reejs": "src/cli/index.js"
      }
    }
  },
  "dependencies": {
    "@reejs/imports": {
      "version": "2.0.8",
      "resolved": "https://registry.npmjs.org/@reejs/imports/-/imports-2.0.8.tgz",
      "integrity": "sha512-N1S45yWlABju3RJ3g85lFlMm0b2xOC2zbWdhK3ER/gRGGv3VInEsDgXoHTr/y5OKhIO6A0cXoseOzYv6CEFXmw=="
    },
    "@reejs/react": {
      "version": "0.9.0",
      "resolved": "https://registry.npmjs.org/@reejs/react/-/react-0.9.0.tgz",
      "integrity": "sha512-vuUzLr4kk38+Erxt7C6o0Btu9EcNcJtcWTid1EBjv3y9B1Y1m2JG+3LiEvvLGYm+VdQ68viZDUl5/oNuD6+lwA=="
    },
    "@reejs/server": {
      "version": "0.9.0",
      "resolved": "https://registry.npmjs.org/@reejs/server/-/server-0.9.0.tgz",
      "integrity": "sha512-Z240S6m5dKJ8ir3HznXBwhC/9Z1fQVbH5Sjuea0xZERqt1p+iXX9Dz9nwJj98XHdV8zY+2eePQ4nwOofMsjsww=="
    },
    "reejs": {
      "version": "0.9.0",
      "resolved": "https://registry.npmjs.org/reejs/-/reejs-0.9.0.tgz",
      "integrity": "sha512-ZGgx5cA3BJBWji0ywyJESAF6mMQZ89wPmC680wVfahv3yp4gvPA0uyMsLkYPDDpbucLbd4y1xhHkb6FPvOlsGg=="
    }
  }
}
